
Microsoft Visual Studio Solution File, Format Version 12.00
# Visual Studio 2012
Project("{FAE04EC0-301F-11D3-BF4B-00C04F79EFBC}") = "RentEstimate", "RentEstimate\RentEstimate.csproj", "{038C1619-C1F8-4399-A8CE-FF92D2440B8A}"
EndProject
Global
	GlobalSection(SolutionConfigurationPlatforms) = preSolution
		Debug|x86 = Debug|x86
		Release|x86 = Release|x86
	EndGlobalSection
	GlobalSection(ProjectConfigurationPlatforms) = postSolution
		{038C1619-C1F8-4399-A8CE-FF92D2440B8A}.Debug|x86.ActiveCfg = Debug|x86
		{038C1619-C1F8-4399-A8CE-FF92D2440B8A}.Debug|x86.Build.0 = Debug|x86
		{038C1619-C1F8-4399-A8CE-FF92D2440B8A}.Release|x86.ActiveCfg = Release|x86
		{038C1619-C1F8-4399-A8CE-FF92D2440B8A}.Release|x86.Build.0 = Release|x86
	EndGlobalSection
EndGlobal
